github.com/rakyll/hey v0.1.5 h1:oc3QhpT8ETXcr5xIE2xgWYNSNA/Z52XA20ku9hWCchY=
github.com/rakyll/hey v0.1.5/go.mod h1:tLUK++7gal6z92HvVEaP4QfIhEb5cYywEJgrUqmqt7Y=
golang.org/x/net v0.48.0 h1:zyQRTTrjc33Lhh0fBgT/H3oZq9WuvRR5gPC70xpDiQU=
golang.org/x/net v0.48.0/go.mod h1:+ndRgGjkh8FGtu1w1FGbEC31if4VrNVMuKTgcAAnQRY=
golang.org/x/text v0.33.0 h1:B3njUFyqtHDUI5jMn1YIr5B0IE2U0qck04r6d4KPAxE=
golang.org/x/text v0.33.0/go.mod h1:LuMebE6+rBincTi9+xWTY8TztLzKHc/9C1uBCG27+q8=
